
Microsoft Visual Studio Solution File, Format Version 12.00
# Visual Studio Version 17
VisualStudioVersion = 17.13.35931.197 d17.13
MinimumVisualStudioVersion = 10.0.40219.1
Project("{FAE04EC0-301F-11D3-BF4B-00C04F79EFBC}") = "Project11", "Project11\Project11.csproj", "{D20D5F7A-5974-4A8D-97B4-328F17C922FC}"
EndProject
Global
	GlobalSection(SolutionConfigurationPlatforms) = preSolution
		Debug|Any CPU = Debug|Any CPU
		Release|Any CPU = Release|Any CPU
	EndGlobalSection
	GlobalSection(ProjectConfigurationPlatforms) = postSolution
		{D20D5F7A-5974-4A8D-97B4-328F17C922FC}.Debug|Any CPU.ActiveCfg = Debug|Any CPU
		{D20D5F7A-5974-4A8D-97B4-328F17C922FC}.Debug|Any CPU.Build.0 = Debug|Any CPU
		{D20D5F7A-5974-4A8D-97B4-328F17C922FC}.Release|Any CPU.ActiveCfg = Release|Any CPU
		{D20D5F7A-5974-4A8D-97B4-328F17C922FC}.Release|Any CPU.Build.0 = Release|Any CPU
	EndGlobalSection
	GlobalSection(SolutionProperties) = preSolution
		HideSolutionNode = FALSE
	EndGlobalSection
	GlobalSection(ExtensibilityGlobals) = postSolution
		SolutionGuid = {150E1263-EE5A-45D5-9E12-57EB2E690F0E}
	EndGlobalSection
EndGlobal
